// !$*UTF8*$!
{
	archiveVersion = 1;
	classes = {
	};
	objectVersion = 50;
	objects = {

/* Begin PBXBuildFile section */
		03FE623300ABCB162D2CB0F8 /* View+GridStyle.swift in Sources */ = {isa = PBXBuildFile; fileRef = A95D30DE38FA1738DC31CC8A /* View+GridStyle.swift */; };
		04A264CCAF32FDAD9D990DD4 /* GridPreferencesKey.swift in Sources */ = {isa = PBXBuildFile; fileRef = 0E37B1332080DC90F10C210C /* GridPreferencesKey.swift */; };
		05C45F6C2FD1084F8FC06C1F /* GridStyle.swift in Sources */ = {isa = PBXBuildFile; fileRef = BB0D1935625D32B16795BE11 /* GridStyle.swift */; };
		05ECF94C10450CDBE1F558D3 /* StringScheme.swift in Sources */ = {isa = PBXBuildFile; fileRef = 4A06B4D81A1A16BD5EDD80C4 /* StringScheme.swift */; };
		1B73852A3A7A5EBA2674D238 /* Grid.swift in Sources */ = {isa = PBXBuildFile; fileRef = 68A5B01F25EA108A6E8BACCA /* Grid.swift */; };
		288E2BF1175F0B49B37DCE40 /* GridStyleKey.swift in Sources */ = {isa = PBXBuildFile; fileRef = DD29AA120A63721A83CC9357 /* GridStyleKey.swift */; };
		37ED43EE3987BE56862FDD3B /* InterExtraBold.ttf in Resources */ = {isa = PBXBuildFile; fileRef = 2F6DC688C9CBE12AD336A2AE /* InterExtraBold.ttf */; };
		38CBAE7C896DF6AC70B099E3 /* CardCell.swift in Sources */ = {isa = PBXBuildFile; fileRef = 405E7799A6C23B81FB4CC349 /* CardCell.swift */; };
		42BDF83EBDD60958C596D431 /* HomeScreenViewModel.swift in Sources */ = {isa = PBXBuildFile; fileRef = D48481E082D58F17EF76EE8E /* HomeScreenViewModel.swift */; };
		5038E76E41A720951EA27F5D /* InterRegular.ttf in Resources */ = {isa = PBXBuildFile; fileRef = 1FE188A0F5776E3948BBDABC /* InterRegular.ttf */; };
		5A0311852BDE209972F8B0FD /* Grid+Inits.swift in Sources */ = {isa = PBXBuildFile; fileRef = 31ABF057A9F2329CA4199546 /* Grid+Inits.swift */; };
		6B8EFB26A5EF61256AB34E61 /* InterBold.ttf in Resources */ = {isa = PBXBuildFile; fileRef = 37180D9B77A3ACDBF739A812 /* InterBold.ttf */; };
		728D319ABF72575EDEBCD8C3 /* FontScheme.swift in Sources */ = {isa = PBXBuildFile; fileRef = D5E13AA0C143664AB01D4461 /* FontScheme.swift */; };
		752A0EA55057A59F75E33063 /* GridItem.swift in Sources */ = {isa = PBXBuildFile; fileRef = A142CF7D615259904D9CBAF5 /* GridItem.swift */; };
		75775A0A52FFC79DF01D97B5 /* ColorConstants.swift in Sources */ = {isa = PBXBuildFile; fileRef = FEE088622DE96C339E3BFCE2 /* ColorConstants.swift */; };
		768A25947E802270FDF36A49 /* HomeScreenView.swift in Sources */ = {isa = PBXBuildFile; fileRef = B258C0B534CEDE4EE1ED2238 /* HomeScreenView.swift */; };
		7F44DBA127422A5D00171570 /* ActivityLoader.swift in Sources */ = {isa = PBXBuildFile; fileRef = 7F44DBA027422A5D00171570 /* ActivityLoader.swift */; };
		8260E64FF119FE68280B81A9 /* Tracks.swift in Sources */ = {isa = PBXBuildFile; fileRef = 2C25380C18F7ABA099F23C65 /* Tracks.swift */; };
		87CEAAF2AF9113D778D9744A /* ModularGridStyle.swift in Sources */ = {isa = PBXBuildFile; fileRef = 4B4A121AFDC30FA7388FF922 /* ModularGridStyle.swift */; };
		884F3E5127B0E65A00963FC4 /* RoundedCornersView.swift in Sources */ = {isa = PBXBuildFile; fileRef = 884F3E5027B0E65A00963FC4 /* RoundedCornersView.swift */; };
		8853052627718DC500B04E6F /* ViewExtension.swift in Sources */ = {isa = PBXBuildFile; fileRef = 8853052527718DC500B04E6F /* ViewExtension.swift */; };
		8853052A27718E2D00B04E6F /* EncodableExtension.swift in Sources */ = {isa = PBXBuildFile; fileRef = 8853052927718E2D00B04E6F /* EncodableExtension.swift */; };
		8853052C2771949600B04E6F /* UINavigationController.swift in Sources */ = {isa = PBXBuildFile; fileRef = 8853052B2771949600B04E6F /* UINavigationController.swift */; };
		88680D1C2775C601002E964F /* ViewportHelper.swift in Sources */ = {isa = PBXBuildFile; fileRef = 88680D1B2775C601002E964F /* ViewportHelper.swift */; };
		888CB47527686A000041116C /* APIExtensions.swift in Sources */ = {isa = PBXBuildFile; fileRef = 888CB47427686A000041116C /* APIExtensions.swift */; };
		88ED74EC272FFE6F0088E3EF /* Assets.xcassets in Resources */ = {isa = PBXBuildFile; fileRef = 88ED74EB272FFE6F0088E3EF /* Assets.xcassets */; };
		88ED74EF272FFE6F0088E3EF /* Preview Assets.xcassets in Resources */ = {isa = PBXBuildFile; fileRef = 88ED74EE272FFE6F0088E3EF /* Preview Assets.xcassets */; };
		88ED7500272FFECA0088E3EF /* Utilities.swift in Sources */ = {isa = PBXBuildFile; fileRef = 88ED74F7272FFECA0088E3EF /* Utilities.swift */; };
		88ED7501272FFECA0088E3EF /* AppConstants.swift in Sources */ = {isa = PBXBuildFile; fileRef = 88ED74F9272FFECA0088E3EF /* AppConstants.swift */; };
		88ED7503272FFECA0088E3EF /* APIManager.swift in Sources */ = {isa = PBXBuildFile; fileRef = 88ED74FD272FFECA0088E3EF /* APIManager.swift */; };
		88ED7504272FFECA0088E3EF /* AndrewnijmehsapplicationApp.swift in Sources */ = {isa = PBXBuildFile; fileRef = 88ED74FF272FFECA0088E3EF /* AndrewnijmehsapplicationApp.swift */; };
		B23B10596B0679CC3D05F78C /* GridPreferences.swift in Sources */ = {isa = PBXBuildFile; fileRef = 745C95E592247072930B840F /* GridPreferences.swift */; };
		B719607CBF7A58D4C1A50D76 /* GridPreferencesModifier.swift in Sources */ = {isa = PBXBuildFile; fileRef = 87A46BD41FA897A773031A89 /* GridPreferencesModifier.swift */; };
		C073A2555F3337FD907D0D6F /* LayoutMath.swift in Sources */ = {isa = PBXBuildFile; fileRef = 81A7848D1D250A9E4F6FC4CF /* LayoutMath.swift */; };
		C40AB9F82754D79E006BC5D7 /* AppDelegate.swift in Sources */ = {isa = PBXBuildFile; fileRef = C40AB9F72754D79E006BC5D7 /* AppDelegate.swift */; };
		CD20F15BD8ED432CFB4337D0 /* EnvironmentValues+GridStyle.swift in Sources */ = {isa = PBXBuildFile; fileRef = A19A86EED5AA039A89BE03AC /* EnvironmentValues+GridStyle.swift */; };
		D82AABF29B5834BB50EDC3DF /* GridItemBoundsPreferencesKey.swift in Sources */ = {isa = PBXBuildFile; fileRef = 9E357318732EBC147E2BDA28 /* GridItemBoundsPreferencesKey.swift */; };
		ED26450453AD0E98710E058A /* InterSemiBold.ttf in Resources */ = {isa = PBXBuildFile; fileRef = 9B07418DECE5947027D558F9 /* InterSemiBold.ttf */; };
		F956C96D2D4D54C9CF7F8BB1 /* StaggeredGridStyle.swift in Sources */ = {isa = PBXBuildFile; fileRef = 1E189A9F6800A3B1330B7BBA /* StaggeredGridStyle.swift */; };
/* End PBXBuildFile section */

/* Begin PBXFileReference section */
		0E37B1332080DC90F10C210C /* GridPreferencesKey.swift */ = {isa = PBXFileReference; includeInIndex = 1; lastKnownFileType = sourcecode.swift; path = GridPreferencesKey.swift; sourceTree = "<group>"; };
		1E189A9F6800A3B1330B7BBA /* StaggeredGridStyle.swift */ = {isa = PBXFileReference; includeInIndex = 1; lastKnownFileType = sourcecode.swift; path = StaggeredGridStyle.swift; sourceTree = "<group>"; };
		1FE188A0F5776E3948BBDABC /* InterRegular.ttf */ = {isa = PBXFileReference; includeInIndex = 1; lastKnownFileType = file; path = InterRegular.ttf; sourceTree = "<group>"; };
		2C25380C18F7ABA099F23C65 /* Tracks.swift */ = {isa = PBXFileReference; includeInIndex = 1; lastKnownFileType = sourcecode.swift; path = Tracks.swift; sourceTree = "<group>"; };
		2F6DC688C9CBE12AD336A2AE /* InterExtraBold.ttf */ = {isa = PBXFileReference; includeInIndex = 1; lastKnownFileType = file; path = InterExtraBold.ttf; sourceTree = "<group>"; };
		31ABF057A9F2329CA4199546 /* Grid+Inits.swift */ = {isa = PBXFileReference; includeInIndex = 1; lastKnownFileType = sourcecode.swift; path = "Grid+Inits.swift"; sourceTree = "<group>"; };
		37180D9B77A3ACDBF739A812 /* InterBold.ttf */ = {isa = PBXFileReference; includeInIndex = 1; lastKnownFileType = file; path = InterBold.ttf; sourceTree = "<group>"; };
		405E7799A6C23B81FB4CC349 /* CardCell.swift */ = {isa = PBXFileReference; includeInIndex = 1; lastKnownFileType = sourcecode.swift; path = CardCell.swift; sourceTree = "<group>"; };
		4A06B4D81A1A16BD5EDD80C4 /* StringScheme.swift */ = {isa = PBXFileReference; includeInIndex = 1; lastKnownFileType = sourcecode.swift; path = StringScheme.swift; sourceTree = "<group>"; };
		4B4A121AFDC30FA7388FF922 /* ModularGridStyle.swift */ = {isa = PBXFileReference; includeInIndex = 1; lastKnownFileType = sourcecode.swift; path = ModularGridStyle.swift; sourceTree = "<group>"; };
		68A5B01F25EA108A6E8BACCA /* Grid.swift */ = {isa = PBXFileReference; includeInIndex = 1; lastKnownFileType = sourcecode.swift; path = Grid.swift; sourceTree = "<group>"; };
		745C95E592247072930B840F /* GridPreferences.swift */ = {isa = PBXFileReference; includeInIndex = 1; lastKnownFileType = sourcecode.swift; path = GridPreferences.swift; sourceTree = "<group>"; };
		7F44DBA027422A5D00171570 /* ActivityLoader.swift */ = {isa = PBXFileReference; lastKnownFileType = sourcecode.swift; path = ActivityLoader.swift; sourceTree = "<group>"; };
		81A7848D1D250A9E4F6FC4CF /* LayoutMath.swift */ = {isa = PBXFileReference; includeInIndex = 1; lastKnownFileType = sourcecode.swift; path = LayoutMath.swift; sourceTree = "<group>"; };
		87A46BD41FA897A773031A89 /* GridPreferencesModifier.swift */ = {isa = PBXFileReference; includeInIndex = 1; lastKnownFileType = sourcecode.swift; path = GridPreferencesModifier.swift; sourceTree = "<group>"; };
		884F3E5027B0E65A00963FC4 /* RoundedCornersView.swift */ = {isa = PBXFileReference; lastKnownFileType = sourcecode.swift; path = RoundedCornersView.swift; sourceTree = "<group>"; };
		8853052527718DC500B04E6F /* ViewExtension.swift */ = {isa = PBXFileReference; lastKnownFileType = sourcecode.swift; path = ViewExtension.swift; sourceTree = "<group>"; };
		8853052927718E2D00B04E6F /* EncodableExtension.swift */ = {isa = PBXFileReference; lastKnownFileType = sourcecode.swift; path = EncodableExtension.swift; sourceTree = "<group>"; };
		8853052B2771949600B04E6F /* UINavigationController.swift */ = {isa = PBXFileReference; fileEncoding = 4; lastKnownFileType = sourcecode.swift; path = UINavigationController.swift; sourceTree = "<group>"; };
		88680D1B2775C601002E964F /* ViewportHelper.swift */ = {isa = PBXFileReference; lastKnownFileType = sourcecode.swift; path = ViewportHelper.swift; sourceTree = "<group>"; };
		888CB47427686A000041116C /* APIExtensions.swift */ = {isa = PBXFileReference; lastKnownFileType = sourcecode.swift; path = APIExtensions.swift; sourceTree = "<group>"; };
		88ED74E4272FFE6E0088E3EF /* miracle.app */ = {isa = PBXFileReference; explicitFileType = wrapper.application; includeInIndex = 0; path = miracle.app; sourceTree = BUILT_PRODUCTS_DIR; };
		88ED74EB272FFE6F0088E3EF /* Assets.xcassets */ = {isa = PBXFileReference; lastKnownFileType = folder.assetcatalog; path = Assets.xcassets; sourceTree = "<group>"; };
		88ED74EE272FFE6F0088E3EF /* Preview Assets.xcassets */ = {isa = PBXFileReference; lastKnownFileType = folder.assetcatalog; path = "Preview Assets.xcassets"; sourceTree = "<group>"; };
		88ED74F0272FFE6F0088E3EF /* Info.plist */ = {isa = PBXFileReference; lastKnownFileType = text.plist.xml; path = Info.plist; sourceTree = "<group>"; };
		88ED74F7272FFECA0088E3EF /* Utilities.swift */ = {isa = PBXFileReference; fileEncoding = 4; lastKnownFileType = sourcecode.swift; path = Utilities.swift; sourceTree = "<group>"; };
		88ED74F9272FFECA0088E3EF /* AppConstants.swift */ = {isa = PBXFileReference; fileEncoding = 4; lastKnownFileType = sourcecode.swift; path = AppConstants.swift; sourceTree = "<group>"; };
		88ED74FD272FFECA0088E3EF /* APIManager.swift */ = {isa = PBXFileReference; fileEncoding = 4; lastKnownFileType = sourcecode.swift; path = APIManager.swift; sourceTree = "<group>"; };
		88ED74FF272FFECA0088E3EF /* AndrewnijmehsapplicationApp.swift */ = {isa = PBXFileReference; fileEncoding = 4; lastKnownFileType = sourcecode.swift; path = AndrewnijmehsapplicationApp.swift; sourceTree = "<group>"; };
		9B07418DECE5947027D558F9 /* InterSemiBold.ttf */ = {isa = PBXFileReference; includeInIndex = 1; lastKnownFileType = file; path = InterSemiBold.ttf; sourceTree = "<group>"; };
		9E357318732EBC147E2BDA28 /* GridItemBoundsPreferencesKey.swift */ = {isa = PBXFileReference; includeInIndex = 1; lastKnownFileType = sourcecode.swift; path = GridItemBoundsPreferencesKey.swift; sourceTree = "<group>"; };
		A142CF7D615259904D9CBAF5 /* GridItem.swift */ = {isa = PBXFileReference; includeInIndex = 1; lastKnownFileType = sourcecode.swift; path = GridItem.swift; sourceTree = "<group>"; };
		A19A86EED5AA039A89BE03AC /* EnvironmentValues+GridStyle.swift */ = {isa = PBXFileReference; includeInIndex = 1; lastKnownFileType = sourcecode.swift; path = "EnvironmentValues+GridStyle.swift"; sourceTree = "<group>"; };
		A95D30DE38FA1738DC31CC8A /* View+GridStyle.swift */ = {isa = PBXFileReference; includeInIndex = 1; lastKnownFileType = sourcecode.swift; path = "View+GridStyle.swift"; sourceTree = "<group>"; };
		B258C0B534CEDE4EE1ED2238 /* HomeScreenView.swift */ = {isa = PBXFileReference; includeInIndex = 1; lastKnownFileType = sourcecode.swift; path = HomeScreenView.swift; sourceTree = "<group>"; };
		BB0D1935625D32B16795BE11 /* GridStyle.swift */ = {isa = PBXFileReference; includeInIndex = 1; lastKnownFileType = sourcecode.swift; path = GridStyle.swift; sourceTree = "<group>"; };
		C40AB9F72754D79E006BC5D7 /* AppDelegate.swift */ = {isa = PBXFileReference; fileEncoding = 4; lastKnownFileType = sourcecode.swift; path = AppDelegate.swift; sourceTree = "<group>"; };
		D48481E082D58F17EF76EE8E /* HomeScreenViewModel.swift */ = {isa = PBXFileReference; includeInIndex = 1; lastKnownFileType = sourcecode.swift; path = HomeScreenViewModel.swift; sourceTree = "<group>"; };
		D5E13AA0C143664AB01D4461 /* FontScheme.swift */ = {isa = PBXFileReference; includeInIndex = 1; lastKnownFileType = sourcecode.swift; path = FontScheme.swift; sourceTree = "<group>"; };
		DD29AA120A63721A83CC9357 /* GridStyleKey.swift */ = {isa = PBXFileReference; includeInIndex = 1; lastKnownFileType = sourcecode.swift; path = GridStyleKey.swift; sourceTree = "<group>"; };
		FEE088622DE96C339E3BFCE2 /* ColorConstants.swift */ = {isa = PBXFileReference; includeInIndex = 1; lastKnownFileType = sourcecode.swift; path = ColorConstants.swift; sourceTree = "<group>"; };
/* End PBXFileReference section */

/* Begin PBXFrameworksBuildPhase section */
		88ED74E1272FFE6E0088E3EF /* Frameworks */ = {
			isa = PBXFrameworksBuildPhase;
			buildActionMask = 2147483647;
			files = (
			);
			runOnlyForDeploymentPostprocessing = 0;
		};
/* End PBXFrameworksBuildPhase section */

/* Begin PBXGroup section */
		12B241AD6DAD42694BC0049E /* Resources */ = {
			isa = PBXGroup;
			children = (
				931C80EC07AC6795B442BA9F /* Fonts */,
			);
			path = Resources;
			sourceTree = "<group>";
		};
		3DACCB0B37E7E83D496764BE /* StaggeredGrid */ = {
			isa = PBXGroup;
			children = (
				A142CF7D615259904D9CBAF5 /* GridItem.swift */,
				31ABF057A9F2329CA4199546 /* Grid+Inits.swift */,
				A38A332B90B141A5DD5B8F79 /* Styles */,
				68A5B01F25EA108A6E8BACCA /* Grid.swift */,
			);
			path = StaggeredGrid;
			sourceTree = "<group>";
		};
		498F1E0F420FF378CA49D8DC /* HomeScreenView */ = {
			isa = PBXGroup;
			children = (
				B258C0B534CEDE4EE1ED2238 /* HomeScreenView.swift */,
				866584E9C8E4078168D2527B /* Cell */,
				D48481E082D58F17EF76EE8E /* HomeScreenViewModel.swift */,
			);
			path = HomeScreenView;
			sourceTree = "<group>";
		};
		7F44DB9E27422A4200171570 /* Helper */ = {
			isa = PBXGroup;
			children = (
				88680D1A2775C5BD002E964F /* Viewport */,
				7F44DB9F27422A4200171570 /* ActivityLoader */,
			);
			path = Helper;
			sourceTree = "<group>";
		};
		7F44DB9F27422A4200171570 /* ActivityLoader */ = {
			isa = PBXGroup;
			children = (
				7F44DBA027422A5D00171570 /* ActivityLoader.swift */,
			);
			path = ActivityLoader;
			sourceTree = "<group>";
		};
		7F55BCC8568A40A168C9E06B /* Style */ = {
			isa = PBXGroup;
			children = (
				745C95E592247072930B840F /* GridPreferences.swift */,
				DD29AA120A63721A83CC9357 /* GridStyleKey.swift */,
				9E357318732EBC147E2BDA28 /* GridItemBoundsPreferencesKey.swift */,
				87A46BD41FA897A773031A89 /* GridPreferencesModifier.swift */,
				A95D30DE38FA1738DC31CC8A /* View+GridStyle.swift */,
				A19A86EED5AA039A89BE03AC /* EnvironmentValues+GridStyle.swift */,
				BB0D1935625D32B16795BE11 /* GridStyle.swift */,
				0E37B1332080DC90F10C210C /* GridPreferencesKey.swift */,
			);
			path = Style;
			sourceTree = "<group>";
		};
		866584E9C8E4078168D2527B /* Cell */ = {
			isa = PBXGroup;
			children = (
				405E7799A6C23B81FB4CC349 /* CardCell.swift */,
			);
			path = Cell;
			sourceTree = "<group>";
		};
		88680D1A2775C5BD002E964F /* Viewport */ = {
			isa = PBXGroup;
			children = (
				88680D1B2775C601002E964F /* ViewportHelper.swift */,
			);
			path = Viewport;
			sourceTree = "<group>";
		};
		88ED74DB272FFE6E0088E3EF = {
			isa = PBXGroup;
			children = (
				88ED74E6272FFE6E0088E3EF /* Andrewnijmehsapplication */,
				88ED74E5272FFE6E0088E3EF /* Products */,
			);
			sourceTree = "<group>";
		};
		88ED74E5272FFE6E0088E3EF /* Products */ = {
			isa = PBXGroup;
			children = (
				88ED74E4272FFE6E0088E3EF /* miracle.app */,
			);
			name = Products;
			sourceTree = "<group>";
		};
		88ED74E6272FFE6E0088E3EF /* Andrewnijmehsapplication */ = {
			isa = PBXGroup;
			children = (
				88ED74FC272FFECA0088E3EF /* Services */,
				88ED74FE272FFECA0088E3EF /* Application */,
				88ED74F8272FFECA0088E3EF /* Constants */,
				88ED74FA272FFECA0088E3EF /* Extensions */,
				88ED74F6272FFECA0088E3EF /* Utilities */,
				7F44DB9E27422A4200171570 /* Helper */,
				88ED74EB272FFE6F0088E3EF /* Assets.xcassets */,
				88ED74F0272FFE6F0088E3EF /* Info.plist */,
				88ED74ED272FFE6F0088E3EF /* Preview Content */,
				12B241AD6DAD42694BC0049E /* Resources */,
				CC83DA3D036C03C97C8CF637 /* Views */,
				E2D63B29945F7A1F744D6431 /* CustomViews */,
			);
			path = Andrewnijmehsapplication;
			sourceTree = "<group>";
		};
		88ED74ED272FFE6F0088E3EF /* Preview Content */ = {
			isa = PBXGroup;
			children = (
				88ED74EE272FFE6F0088E3EF /* Preview Assets.xcassets */,
			);
			path = "Preview Content";
			sourceTree = "<group>";
		};
		88ED74F6272FFECA0088E3EF /* Utilities */ = {
			isa = PBXGroup;
			children = (
				88ED74F7272FFECA0088E3EF /* Utilities.swift */,
			);
			path = Utilities;
			sourceTree = "<group>";
		};
		88ED74F8272FFECA0088E3EF /* Constants */ = {
			isa = PBXGroup;
			children = (
				88ED74F9272FFECA0088E3EF /* AppConstants.swift */,
				4A06B4D81A1A16BD5EDD80C4 /* StringScheme.swift */,
				FEE088622DE96C339E3BFCE2 /* ColorConstants.swift */,
				D5E13AA0C143664AB01D4461 /* FontScheme.swift */,
			);
			path = Constants;
			sourceTree = "<group>";
		};
		88ED74FA272FFECA0088E3EF /* Extensions */ = {
			isa = PBXGroup;
			children = (
				888CB47427686A000041116C /* APIExtensions.swift */,
				8853052527718DC500B04E6F /* ViewExtension.swift */,
				8853052B2771949600B04E6F /* UINavigationController.swift */,
				8853052927718E2D00B04E6F /* EncodableExtension.swift */,
				884F3E5027B0E65A00963FC4 /* RoundedCornersView.swift */,
			);
			path = Extensions;
			sourceTree = "<group>";
		};
		88ED74FC272FFECA0088E3EF /* Services */ = {
			isa = PBXGroup;
			children = (
				88ED74FD272FFECA0088E3EF /* APIManager.swift */,
			);
			path = Services;
			sourceTree = "<group>";
		};
		88ED74FE272FFECA0088E3EF /* Application */ = {
			isa = PBXGroup;
			children = (
				C40AB9F72754D79E006BC5D7 /* AppDelegate.swift */,
				88ED74FF272FFECA0088E3EF /* AndrewnijmehsapplicationApp.swift */,
			);
			path = Application;
			sourceTree = "<group>";
		};
		931C80EC07AC6795B442BA9F /* Fonts */ = {
			isa = PBXGroup;
			children = (
				1FE188A0F5776E3948BBDABC /* InterRegular.ttf */,
				37180D9B77A3ACDBF739A812 /* InterBold.ttf */,
				2F6DC688C9CBE12AD336A2AE /* InterExtraBold.ttf */,
				9B07418DECE5947027D558F9 /* InterSemiBold.ttf */,
			);
			path = Fonts;
			sourceTree = "<group>";
		};
		A1CAEEF05C9F46A5D5F806DD /* Layout */ = {
			isa = PBXGroup;
			children = (
				2C25380C18F7ABA099F23C65 /* Tracks.swift */,
				81A7848D1D250A9E4F6FC4CF /* LayoutMath.swift */,
			);
			path = Layout;
			sourceTree = "<group>";
		};
		A38A332B90B141A5DD5B8F79 /* Styles */ = {
			isa = PBXGroup;
			children = (
				1E189A9F6800A3B1330B7BBA /* StaggeredGridStyle.swift */,
				4B4A121AFDC30FA7388FF922 /* ModularGridStyle.swift */,
				A1CAEEF05C9F46A5D5F806DD /* Layout */,
				7F55BCC8568A40A168C9E06B /* Style */,
			);
			path = Styles;
			sourceTree = "<group>";
		};
		CC83DA3D036C03C97C8CF637 /* Views */ = {
			isa = PBXGroup;
			children = (
				498F1E0F420FF378CA49D8DC /* HomeScreenView */,
			);
			path = Views;
			sourceTree = "<group>";
		};
		E2D63B29945F7A1F744D6431 /* CustomViews */ = {
			isa = PBXGroup;
			children = (
				3DACCB0B37E7E83D496764BE /* StaggeredGrid */,
			);
			path = CustomViews;
			sourceTree = "<group>";
		};
/* End PBXGroup section */

/* Begin PBXNativeTarget section */
		88ED74E3272FFE6E0088E3EF /* miracle */ = {
			isa = PBXNativeTarget;
			buildConfigurationList = 88ED74F3272FFE6F0088E3EF /* Build configuration list for PBXNativeTarget "miracle" */;
			buildPhases = (
				88ED74E0272FFE6E0088E3EF /* Sources */,
				88ED74E1272FFE6E0088E3EF /* Frameworks */,
				88ED74E2272FFE6E0088E3EF /* Resources */,
			);
			buildRules = (
			);
			dependencies = (
			);
			name = miracle;
			productName = Andrewnijmehsapplication;
			productReference = 88ED74E4272FFE6E0088E3EF /* miracle.app */;
			productType = "com.apple.product-type.application";
		};
/* End PBXNativeTarget section */

/* Begin PBXProject section */
		88ED74DC272FFE6E0088E3EF /* Project object */ = {
			isa = PBXProject;
			attributes = {
				LastSwiftUpdateCheck = 1250;
				LastUpgradeCheck = 1250;
				TargetAttributes = {
					88ED74E3272FFE6E0088E3EF = {
						CreatedOnToolsVersion = 12.5;
					};
				};
			};
			buildConfigurationList = 88ED74DF272FFE6E0088E3EF /* Build configuration list for PBXProject "miracle" */;
			compatibilityVersion = "Xcode 9.3";
			developmentRegion = en;
			hasScannedForEncodings = 0;
			knownRegions = (
				en,
				Base,
			);
			mainGroup = 88ED74DB272FFE6E0088E3EF;
			productRefGroup = 88ED74E5272FFE6E0088E3EF /* Products */;
			projectDirPath = "";
			projectRoot = "";
			targets = (
				88ED74E3272FFE6E0088E3EF /* miracle */,
			);
		};
/* End PBXProject section */

/* Begin PBXResourcesBuildPhase section */
		88ED74E2272FFE6E0088E3EF /* Resources */ = {
			isa = PBXResourcesBuildPhase;
			buildActionMask = 2147483647;
			files = (
				88ED74EF272FFE6F0088E3EF /* Preview Assets.xcassets in Resources */,
				88ED74EC272FFE6F0088E3EF /* Assets.xcassets in Resources */,
				5038E76E41A720951EA27F5D /* InterRegular.ttf in Resources */,
				6B8EFB26A5EF61256AB34E61 /* InterBold.ttf in Resources */,
				37ED43EE3987BE56862FDD3B /* InterExtraBold.ttf in Resources */,
				ED26450453AD0E98710E058A /* InterSemiBold.ttf in Resources */,
			);
			runOnlyForDeploymentPostprocessing = 0;
		};
/* End PBXResourcesBuildPhase section */

/* Begin PBXSourcesBuildPhase section */
		88ED74E0272FFE6E0088E3EF /* Sources */ = {
			isa = PBXSourcesBuildPhase;
			buildActionMask = 2147483647;
			files = (
				888CB47527686A000041116C /* APIExtensions.swift in Sources */,
				8853052A27718E2D00B04E6F /* EncodableExtension.swift in Sources */,
				8853052C2771949600B04E6F /* UINavigationController.swift in Sources */,
				88ED7503272FFECA0088E3EF /* APIManager.swift in Sources */,
				7F44DBA127422A5D00171570 /* ActivityLoader.swift in Sources */,
				8853052627718DC500B04E6F /* ViewExtension.swift in Sources */,
				88ED7500272FFECA0088E3EF /* Utilities.swift in Sources */,
				88ED7504272FFECA0088E3EF /* AndrewnijmehsapplicationApp.swift in Sources */,
				C40AB9F82754D79E006BC5D7 /* AppDelegate.swift in Sources */,
				88680D1C2775C601002E964F /* ViewportHelper.swift in Sources */,
				88ED7501272FFECA0088E3EF /* AppConstants.swift in Sources */,
				884F3E5127B0E65A00963FC4 /* RoundedCornersView.swift in Sources */,
				05ECF94C10450CDBE1F558D3 /* StringScheme.swift in Sources */,
				75775A0A52FFC79DF01D97B5 /* ColorConstants.swift in Sources */,
				728D319ABF72575EDEBCD8C3 /* FontScheme.swift in Sources */,
				768A25947E802270FDF36A49 /* HomeScreenView.swift in Sources */,
				38CBAE7C896DF6AC70B099E3 /* CardCell.swift in Sources */,
				752A0EA55057A59F75E33063 /* GridItem.swift in Sources */,
				5A0311852BDE209972F8B0FD /* Grid+Inits.swift in Sources */,
				F956C96D2D4D54C9CF7F8BB1 /* StaggeredGridStyle.swift in Sources */,
				87CEAAF2AF9113D778D9744A /* ModularGridStyle.swift in Sources */,
				8260E64FF119FE68280B81A9 /* Tracks.swift in Sources */,
				C073A2555F3337FD907D0D6F /* LayoutMath.swift in Sources */,
				B23B10596B0679CC3D05F78C /* GridPreferences.swift in Sources */,
				288E2BF1175F0B49B37DCE40 /* GridStyleKey.swift in Sources */,
				D82AABF29B5834BB50EDC3DF /* GridItemBoundsPreferencesKey.swift in Sources */,
				B719607CBF7A58D4C1A50D76 /* GridPreferencesModifier.swift in Sources */,
				03FE623300ABCB162D2CB0F8 /* View+GridStyle.swift in Sources */,
				CD20F15BD8ED432CFB4337D0 /* EnvironmentValues+GridStyle.swift in Sources */,
				05C45F6C2FD1084F8FC06C1F /* GridStyle.swift in Sources */,
				04A264CCAF32FDAD9D990DD4 /* GridPreferencesKey.swift in Sources */,
				1B73852A3A7A5EBA2674D238 /* Grid.swift in Sources */,
				42BDF83EBDD60958C596D431 /* HomeScreenViewModel.swift in Sources */,
			);
			runOnlyForDeploymentPostprocessing = 0;
		};
/* End PBXSourcesBuildPhase section */

/* Begin XCBuildConfiguration section */
		88ED74F1272FFE6F0088E3EF /* Debug */ = {
			isa = XCBuildConfiguration;
			buildSettings = {
				ALWAYS_SEARCH_USER_PATHS = NO;
				CLANG_ANALYZER_NONNULL = YES;
				CLANG_ANALYZER_NUMBER_OBJECT_CONVERSION = YES_AGGRESSIVE;
				CLANG_CXX_LANGUAGE_STANDARD = "gnu++14";
				CLANG_CXX_LIBRARY = "libc++";
				CLANG_ENABLE_MODULES = YES;
				CLANG_ENABLE_OBJC_ARC = YES;
				CLANG_ENABLE_OBJC_WEAK = YES;
				CLANG_WARN_BLOCK_CAPTURE_AUTORELEASING = YES;
				CLANG_WARN_BOOL_CONVERSION = YES;
				CLANG_WARN_COMMA = YES;
				CLANG_WARN_CONSTANT_CONVERSION = YES;
				CLANG_WARN_DEPRECATED_OBJC_IMPLEMENTATIONS = YES;
				CLANG_WARN_DIRECT_OBJC_ISA_USAGE = YES_ERROR;
				CLANG_WARN_DOCUMENTATION_COMMENTS = YES;
				CLANG_WARN_EMPTY_BODY = YES;
				CLANG_WARN_ENUM_CONVERSION = YES;
				CLANG_WARN_INFINITE_RECURSION = YES;
				CLANG_WARN_INT_CONVERSION = YES;
				CLANG_WARN_NON_LITERAL_NULL_CONVERSION = YES;
				CLANG_WARN_OBJC_IMPLICIT_RETAIN_SELF = YES;
				CLANG_WARN_OBJC_LITERAL_CONVERSION = YES;
				CLANG_WARN_OBJC_ROOT_CLASS = YES_ERROR;
				CLANG_WARN_QUOTED_INCLUDE_IN_FRAMEWORK_HEADER = YES;
				CLANG_WARN_RANGE_LOOP_ANALYSIS = YES;
				CLANG_WARN_STRICT_PROTOTYPES = YES;
				CLANG_WARN_SUSPICIOUS_MOVE = YES;
				CLANG_WARN_UNGUARDED_AVAILABILITY = YES_AGGRESSIVE;
				CLANG_WARN_UNREACHABLE_CODE = YES;
				CLANG_WARN__DUPLICATE_METHOD_MATCH = YES;
				COPY_PHASE_STRIP = NO;
				DEBUG_INFORMATION_FORMAT = dwarf;
				ENABLE_STRICT_OBJC_MSGSEND = YES;
				ENABLE_TESTABILITY = YES;
				GCC_C_LANGUAGE_STANDARD = gnu11;
				GCC_DYNAMIC_NO_PIC = NO;
				GCC_NO_COMMON_BLOCKS = YES;
				GCC_OPTIMIZATION_LEVEL = 0;
				GCC_PREPROCESSOR_DEFINITIONS = (
					"DEBUG=1",
					"$(inherited)",
				);
				GCC_WARN_64_TO_32_BIT_CONVERSION = YES;
				GCC_WARN_ABOUT_RETURN_TYPE = YES_ERROR;
				GCC_WARN_UNDECLARED_SELECTOR = YES;
				GCC_WARN_UNINITIALIZED_AUTOS = YES_AGGRESSIVE;
				GCC_WARN_UNUSED_FUNCTION = YES;
				GCC_WARN_UNUSED_VARIABLE = YES;
				IPHONEOS_DEPLOYMENT_TARGET = 14.5;
				MTL_ENABLE_DEBUG_INFO = INCLUDE_SOURCE;
				MTL_FAST_MATH = YES;
				ONLY_ACTIVE_ARCH = YES;
				SDKROOT = iphoneos;
				SWIFT_ACTIVE_COMPILATION_CONDITIONS = DEBUG;
				SWIFT_OPTIMIZATION_LEVEL = "-Onone";
			};
			name = Debug;
		};
		88ED74F2272FFE6F0088E3EF /* Release */ = {
			isa = XCBuildConfiguration;
			buildSettings = {
				ALWAYS_SEARCH_USER_PATHS = NO;
				CLANG_ANALYZER_NONNULL = YES;
				CLANG_ANALYZER_NUMBER_OBJECT_CONVERSION = YES_AGGRESSIVE;
				CLANG_CXX_LANGUAGE_STANDARD = "gnu++14";
				CLANG_CXX_LIBRARY = "libc++";
				CLANG_ENABLE_MODULES = YES;
				CLANG_ENABLE_OBJC_ARC = YES;
				CLANG_ENABLE_OBJC_WEAK = YES;
				CLANG_WARN_BLOCK_CAPTURE_AUTORELEASING = YES;
				CLANG_WARN_BOOL_CONVERSION = YES;
				CLANG_WARN_COMMA = YES;
				CLANG_WARN_CONSTANT_CONVERSION = YES;
				CLANG_WARN_DEPRECATED_OBJC_IMPLEMENTATIONS = YES;
				CLANG_WARN_DIRECT_OBJC_ISA_USAGE = YES_ERROR;
				CLANG_WARN_DOCUMENTATION_COMMENTS = YES;
				CLANG_WARN_EMPTY_BODY = YES;
				CLANG_WARN_ENUM_CONVERSION = YES;
				CLANG_WARN_INFINITE_RECURSION = YES;
				CLANG_WARN_INT_CONVERSION = YES;
				CLANG_WARN_NON_LITERAL_NULL_CONVERSION = YES;
				CLANG_WARN_OBJC_IMPLICIT_RETAIN_SELF = YES;
				CLANG_WARN_OBJC_LITERAL_CONVERSION = YES;
				CLANG_WARN_OBJC_ROOT_CLASS = YES_ERROR;
				CLANG_WARN_QUOTED_INCLUDE_IN_FRAMEWORK_HEADER = YES;
				CLANG_WARN_RANGE_LOOP_ANALYSIS = YES;
				CLANG_WARN_STRICT_PROTOTYPES = YES;
				CLANG_WARN_SUSPICIOUS_MOVE = YES;
				CLANG_WARN_UNGUARDED_AVAILABILITY = YES_AGGRESSIVE;
				CLANG_WARN_UNREACHABLE_CODE = YES;
				CLANG_WARN__DUPLICATE_METHOD_MATCH = YES;
				COPY_PHASE_STRIP = NO;
				DEBUG_INFORMATION_FORMAT = "dwarf-with-dsym";
				ENABLE_NS_ASSERTIONS = NO;
				ENABLE_STRICT_OBJC_MSGSEND = YES;
				GCC_C_LANGUAGE_STANDARD = gnu11;
				GCC_NO_COMMON_BLOCKS = YES;
				GCC_WARN_64_TO_32_BIT_CONVERSION = YES;
				GCC_WARN_ABOUT_RETURN_TYPE = YES_ERROR;
				GCC_WARN_UNDECLARED_SELECTOR = YES;
				GCC_WARN_UNINITIALIZED_AUTOS = YES_AGGRESSIVE;
				GCC_WARN_UNUSED_FUNCTION = YES;
				GCC_WARN_UNUSED_VARIABLE = YES;
				IPHONEOS_DEPLOYMENT_TARGET = 14.5;
				MTL_ENABLE_DEBUG_INFO = NO;
				MTL_FAST_MATH = YES;
				SDKROOT = iphoneos;
				SWIFT_COMPILATION_MODE = wholemodule;
				SWIFT_OPTIMIZATION_LEVEL = "-O";
				VALIDATE_PRODUCT = YES;
			};
			name = Release;
		};
		88ED74F4272FFE6F0088E3EF /* Debug */ = {
			isa = XCBuildConfiguration;
			buildSettings = {
				ASSETCATALOG_COMPILER_APPICON_NAME = AppIcon;
				ASSETCATALOG_COMPILER_GLOBAL_ACCENT_COLOR_NAME = AccentColor;
				CODE_SIGN_STYLE = Automatic;
				DEVELOPMENT_ASSET_PATHS = "\"Andrewnijmehsapplication/Preview Content\"";
				DEVELOPMENT_TEAM = "";
				ENABLE_PREVIEWS = YES;
				INFOPLIST_FILE = Andrewnijmehsapplication/Info.plist;
				IPHONEOS_DEPLOYMENT_TARGET = 14.0;
				LD_RUNPATH_SEARCH_PATHS = (
					"$(inherited)",
					"@executable_path/Frameworks",
				);
				PRODUCT_BUNDLE_IDENTIFIER = com.andrewnijmehsapplication.app;
				PRODUCT_NAME = "$(TARGET_NAME)";
				SWIFT_VERSION = 5.0;
				TARGETED_DEVICE_FAMILY = "1,2";
			};
			name = Debug;
		};
		88ED74F5272FFE6F0088E3EF /* Release */ = {
			isa = XCBuildConfiguration;
			buildSettings = {
				ASSETCATALOG_COMPILER_APPICON_NAME = AppIcon;
				ASSETCATALOG_COMPILER_GLOBAL_ACCENT_COLOR_NAME = AccentColor;
				CODE_SIGN_STYLE = Automatic;
				DEVELOPMENT_ASSET_PATHS = "\"Andrewnijmehsapplication/Preview Content\"";
				DEVELOPMENT_TEAM = "";
				ENABLE_PREVIEWS = YES;
				INFOPLIST_FILE = Andrewnijmehsapplication/Info.plist;
				IPHONEOS_DEPLOYMENT_TARGET = 14.0;
				LD_RUNPATH_SEARCH_PATHS = (
					"$(inherited)",
					"@executable_path/Frameworks",
				);
				PRODUCT_BUNDLE_IDENTIFIER = com.andrewnijmehsapplication.app;
				PRODUCT_NAME = "$(TARGET_NAME)";
				SWIFT_VERSION = 5.0;
				TARGETED_DEVICE_FAMILY = "1,2";
			};
			name = Release;
		};
/* End XCBuildConfiguration section */

/* Begin XCConfigurationList section */
		88ED74DF272FFE6E0088E3EF /* Build configuration list for PBXProject "miracle" */ = {
			isa = XCConfigurationList;
			buildConfigurations = (
				88ED74F1272FFE6F0088E3EF /* Debug */,
				88ED74F2272FFE6F0088E3EF /* Release */,
			);
			defaultConfigurationIsVisible = 0;
			defaultConfigurationName = Release;
		};
		88ED74F3272FFE6F0088E3EF /* Build configuration list for PBXNativeTarget "miracle" */ = {
			isa = XCConfigurationList;
			buildConfigurations = (
				88ED74F4272FFE6F0088E3EF /* Debug */,
				88ED74F5272FFE6F0088E3EF /* Release */,
			);
			defaultConfigurationIsVisible = 0;
			defaultConfigurationName = Release;
		};
/* End XCConfigurationList section */
	};
	rootObject = 88ED74DC272FFE6E0088E3EF /* Project object */;
}
